{
  "name": "read2xsgg",
  "version": "0.2.0",
  "lockfileVersion": 3,
  "requires": true,
  "packages": {
    "": {
      "name": "read2xsgg",
      "version": "0.2.0",
      "license": "MIT",
      "bin": {
        "read2xsgg": "bin/read2xsgg.js",
        "read2xsgg-server": "bin/server.js"
      },
      "engines": {
        "node": ">=18"
      }
    }
  }
}
